
Microsoft Visual Studio Solution File, Format Version 12.00
# Visual Studio Version 16
VisualStudioVersion = 16.0.31205.134
MinimumVisualStudioVersion = 10.0.40219.1
Project("{FAE04EC0-301F-11D3-BF4B-00C04F79EFBC}") = "GameStore.Domain", "GameStore.Domain\GameStore.Domain.csproj", "{F573F0C2-5A62-471E-8BD9-806CDD800273}"
EndProject
Project("{FAE04EC0-301F-11D3-BF4B-00C04F79EFBC}") = "GameStore.WebUI", "GameStore.WebUI\GameStore.WebUI.csproj", "{BF25CABA-5F8B-419F-82C5-911FD9ED5F84}"
EndProject
Project("{FAE04EC0-301F-11D3-BF4B-00C04F79EFBC}") = "GameStore.UnitTests", "GameStore.UnitTests\GameStore.UnitTests.csproj", "{1D35FDB1-899C-4F37-B44D-37BF3D85B9E1}"
EndProject
Global
	GlobalSection(SolutionConfigurationPlatforms) = preSolution
		Debug|Any CPU = Debug|Any CPU
		Release|Any CPU = Release|Any CPU
	EndGlobalSection
	GlobalSection(ProjectConfigurationPlatforms) = postSolution
		{F573F0C2-5A62-471E-8BD9-806CDD800273}.Debug|Any CPU.ActiveCfg = Debug|Any CPU
		{F573F0C2-5A62-471E-8BD9-806CDD800273}.Debug|Any CPU.Build.0 = Debug|Any CPU
		{F573F0C2-5A62-471E-8BD9-806CDD800273}.Release|Any CPU.ActiveCfg = Release|Any CPU
		{F573F0C2-5A62-471E-8BD9-806CDD800273}.Release|Any CPU.Build.0 = Release|Any CPU
		{BF25CABA-5F8B-419F-82C5-911FD9ED5F84}.Debug|Any CPU.ActiveCfg = Debug|Any CPU
		{BF25CABA-5F8B-419F-82C5-911FD9ED5F84}.Debug|Any CPU.Build.0 = Debug|Any CPU
		{BF25CABA-5F8B-419F-82C5-911FD9ED5F84}.Release|Any CPU.ActiveCfg = Release|Any CPU
		{BF25CABA-5F8B-419F-82C5-911FD9ED5F84}.Release|Any CPU.Build.0 = Release|Any CPU
		{1D35FDB1-899C-4F37-B44D-37BF3D85B9E1}.Debug|Any CPU.ActiveCfg = Debug|Any CPU
		{1D35FDB1-899C-4F37-B44D-37BF3D85B9E1}.Debug|Any CPU.Build.0 = Debug|Any CPU
		{1D35FDB1-899C-4F37-B44D-37BF3D85B9E1}.Release|Any CPU.ActiveCfg = Release|Any CPU
		{1D35FDB1-899C-4F37-B44D-37BF3D85B9E1}.Release|Any CPU.Build.0 = Release|Any CPU
	EndGlobalSection
	GlobalSection(SolutionProperties) = preSolution
		HideSolutionNode = FALSE
	EndGlobalSection
	GlobalSection(ExtensibilityGlobals) = postSolution
		SolutionGuid = {170878AD-0024-4702-8BF3-C560E0DD7280}
	EndGlobalSection
EndGlobal
